<?xml version="1.0" encoding="utf-8"?>
<Project ToolsVersion="4.0" xmlns="http://schemas.microsoft.com/developer/msbuild/2003">
  <ItemGroup>
    <ClCompile Include="include\header.cpp" />
    <ClCompile Include="src\engine\character\AttributeSystem.cpp" />
    <ClCompile Include="src\engine\character\LevelSystem.cpp" />
    <ClCompile Include="src\engine\collision\BoxCollider.cpp" />
    <ClCompile Include="src\engine\combat\DamageSystem.cpp" />
    <ClCompile Include="src\engine\core\Engine.cpp" />
    <ClCompile Include="src\engine\input\InputManager.cpp" />
    <ClCompile Include="src\engine\input\InputMapper.cpp" />
    <ClCompile Include="src\engine\map\mechanism\SequenceMechanism.cpp" />
    <ClCompile Include="src\engine\map\mechanism\TriggerMechanism.cpp" />
    <ClCompile Include="src\engine\map\Area.cpp" />
    <ClCompile Include="src\engine\map\MapManager.cpp" />
    <ClCompile Include="src\engine\renderer\Animation.cpp" />
    <ClCompile Include="src\engine\renderer\Renderer.cpp" />
    <ClCompile Include="src\engine\resource\ResourceManager.cpp" />
    <ClCompile Include="src\engine\skill\CooldownSystem.cpp" />
    <ClCompile Include="src\glad.c" />
    <ClCompile Include="src\main.cpp" />
    <ClCompile Include="src\engine\resource\ConfigValidator.cpp" />
    <ClCompile Include="src\engine\map\BackgroundLayer.cpp" />
    <ClCompile Include="src\engine\map\LayerRenderer.cpp" />
    <ClCompile Include="src\engine\map\ObjectLayer.cpp" />
    <ClCompile Include="src\engine\map\portal\PortalSystem.cpp" />
    <ClCompile Include="src\engine\map\AreaTransitionEffect.cpp" />
    <ClCompile Include="src\engine\map\portal\PortalEffect.cpp" />
    <ClCompile Include="src\engine\map\portal\PortalRenderer.cpp" />
    <ClCompile Include="src\engine\map\LoadingScreen.cpp" />
    <ClCompile Include="src\engine\map\mechanism\DoorMechanism.cpp" />
    <ClCompile Include="src\engine\camera\Camera.cpp" />
    <ClCompile Include="src\engine\audio\AudioManager.cpp" />
  </ItemGroup>
  <ItemGroup>
    <ClInclude Include="include\headers\character\AttributeSystem.h" />
    <ClInclude Include="include\headers\character\LevelSystem.h" />
    <ClInclude Include="include\headers\collision\BoxCollider.h" />
    <ClInclude Include="include\headers\collision\CollisionTypes.h" />
    <ClInclude Include="include\headers\collision\ICollider.h" />
    <ClInclude Include="include\headers\combat\CombatStats.h" />
    <ClInclude Include="include\headers\combat\CombatTypes.h" />
    <ClInclude Include="include\headers\combat\DamageSystem.h" />
    <ClInclude Include="include\headers\input\InputManager.h" />
    <ClInclude Include="include\headers\input\InputMapper.h" />
    <ClInclude Include="include\headers\input\InputTypes.h" />
    <ClInclude Include="include\headers\map\mechanism\IEffectTarget.h" />
    <ClInclude Include="include\headers\map\mechanism\IMechanism.h" />
    <ClInclude Include="include\headers\map\mechanism\MechanismTypes.h" />
    <ClInclude Include="include\headers\map\mechanism\SequenceMechanism.h" />
    <ClInclude Include="include\headers\map\mechanism\TriggerMechanism.h" />
    <ClInclude Include="include\headers\map\Area.h" />
    <ClInclude Include="include\headers\map\MapManager.h" />
    <ClInclude Include="include\headers\map\MapTypes.h" />
    <ClInclude Include="include\headers\renderer\Animation.h" />
    <ClInclude Include="include\headers\renderer\Renderer.h" />
    <ClInclude Include="include\headers\renderer\SpriteSheet.h" />
    <ClInclude Include="include\headers\resource\resource.h" />
    <ClInclude Include="include\headers\resource\ResourceManager.h" />
    <ClInclude Include="include\headers\resource\TextureData.h" />
    <ClInclude Include="include\headers\skill\CooldownSystem.h" />
    <ClInclude Include="include\headers\skill\CooldownTypes.h" />
    <ClInclude Include="include\headers\Engine.h" />
    <ClInclude Include="include\headers\resource\ConfigValidator.h" />
    <ClInclude Include="include\headers\map\ILayer.h" />
    <ClInclude Include="include\headers\map\BackgroundLayer.h" />
    <ClInclude Include="include\headers\map\LayerRenderer.h" />
    <ClInclude Include="include\headers\map\ObjectLayer.h" />
    <ClInclude Include="include\headers\map\portal\PortalSystem.h" />
    <ClInclude Include="include\headers\map\AreaTransitionEffect.h" />
    <ClInclude Include="include\headers\map\portal\PortalEffect.h" />
    <ClInclude Include="include\headers\map\portal\PortalRenderer.h" />
    <ClInclude Include="include\headers\map\LoadingScreen.h" />
    <ClInclude Include="include\headers\map\mechanism\DoorMechanism.h" />
    <ClInclude Include="include\headers\CommonDefines.h" />
    <ClInclude Include="include\headers\camera\Camera.h" />
    <ClInclude Include="include\headers\audio\AudioManager.h" />
  </ItemGroup>
</Project>